// !$*UTF8*$!
{
	archiveVersion = 1;
	classes = {
	};
	objectVersion = 77;
	objects = {

/* Begin PBXContainerItemProxy section */
		7D79A65A2CA312C70021B71A /* PBXContainerItemProxy */ = {
			isa = PBXContainerItemProxy;
			containerPortal = 7D79A6412CA312C50021B71A /* Project object */;
			proxyType = 1;
			remoteGlobalIDString = 7D79A6482CA312C50021B71A;
			remoteInfo = ribandnobby;
		};
		7D79A6642CA312C70021B71A /* PBXContainerItemProxy */ = {
			isa = PBXContainerItemProxy;
			containerPortal = 7D79A6412CA312C50021B71A /* Project object */;
			proxyType = 1;
			remoteGlobalIDString = 7D79A6482CA312C50021B71A;
			remoteInfo = ribandnobby;
		};
/* End PBXContainerItemProxy section */

/* Begin PBXFileReference section */
		7D79A6492CA312C50021B71A /* ribandnobby.app */ = {isa = PBXFileReference; explicitFileType = wrapper.application; includeInIndex = 0; path = ribandnobby.app; sourceTree = BUILT_PRODUCTS_DIR; };
		7D79A6592CA312C70021B71A /* ribandnobbyTests.xctest */ = {isa = PBXFileReference; explicitFileType = wrapper.cfbundle; includeInIndex = 0; path = ribandnobbyTests.xctest; sourceTree = BUILT_PRODUCTS_DIR; };
		7D79A6632CA312C70021B71A /* ribandnobbyUITests.xctest */ = {isa = PBXFileReference; explicitFileType = wrapper.cfbundle; includeInIndex = 0; path = ribandnobbyUITests.xctest; sourceTree = BUILT_PRODUCTS_DIR; };
/* End PBXFileReference section */

/* Begin PBXFileSystemSynchronizedRootGroup section */
		7D79A64B2CA312C50021B71A /* ribandnobby */ = {
			isa = PBXFileSystemSynchronizedRootGroup;
			path = ribandnobby;
			sourceTree = "<group>";
		};
		7D79A65C2CA312C70021B71A /* ribandnobbyTests */ = {
			isa = PBXFileSystemSynchronizedRootGroup;
			path = ribandnobbyTests;
			sourceTree = "<group>";
		};
		7D79A6662CA312C70021B71A /* ribandnobbyUITests */ = {
			isa = PBXFileSystemSynchronizedRootGroup;
			path = ribandnobbyUITests;
			sourceTree = "<group>";
		};
/* End PBXFileSystemSynchronizedRootGroup section */

/* Begin PBXFrameworksBuildPhase section */
		7D79A6462CA312C50021B71A /* Frameworks */ = {
			isa = PBXFrameworksBuildPhase;
			buildActionMask = 2147483647;
			files = (
			);
			runOnlyForDeploymentPostprocessing = 0;
		};
		7D79A6562CA312C70021B71A /* Frameworks */ = {
			isa = PBXFrameworksBuildPhase;
			buildActionMask = 2147483647;
			files = (
			);
			runOnlyForDeploymentPostprocessing = 0;
		};
		7D79A6602CA312C70021B71A /* Frameworks */ = {
			isa = PBXFrameworksBuildPhase;
			buildActionMask = 2147483647;
			files = (
			);
			runOnlyForDeploymentPostprocessing = 0;
		};
/* End PBXFrameworksBuildPhase section */

/* Begin PBXGroup section */
		7D79A6402CA312C50021B71A = {
			isa = PBXGroup;
			children = (
				7D79A64B2CA312C50021B71A /* ribandnobby */,
				7D79A65C2CA312C70021B71A /* ribandnobbyTests */,
				7D79A6662CA312C70021B71A /* ribandnobbyUITests */,
				7D79A64A2CA312C50021B71A /* Products */,
			);
			sourceTree = "<group>";
		};
		7D79A64A2CA312C50021B71A /* Products */ = {
			isa = PBXGroup;
			children = (
				7D79A6492CA312C50021B71A /* ribandnobby.app */,
				7D79A6592CA312C70021B71A /* ribandnobbyTests.xctest */,
				7D79A6632CA312C70021B71A /* ribandnobbyUITests.xctest */,
			);
			name = Products;
			sourceTree = "<group>";
		};
/* End PBXGroup section */

/* Begin PBXNativeTarget section */
		7D79A6482CA312C50021B71A /* ribandnobby */ = {
			isa = PBXNativeTarget;
			buildConfigurationList = 7D79A66D2CA312C70021B71A /* Build configuration list for PBXNativeTarget "ribandnobby" */;
			buildPhases = (
				7D79A6452CA312C50021B71A /* Sources */,
				7D79A6462CA312C50021B71A /* Frameworks */,
				7D79A6472CA312C50021B71A /* Resources */,
			);
			buildRules = (
			);
			dependencies = (
			);
			fileSystemSynchronizedGroups = (
				7D79A64B2CA312C50021B71A /* ribandnobby */,
			);
			name = ribandnobby;
			packageProductDependencies = (
			);
			productName = ribandnobby;
			productReference = 7D79A6492CA312C50021B71A /* ribandnobby.app */;
			productType = "com.apple.product-type.application";
		};
		7D79A6582CA312C70021B71A /* ribandnobbyTests */ = {
			isa = PBXNativeTarget;
			buildConfigurationList = 7D79A6702CA312C70021B71A /* Build configuration list for PBXNativeTarget "ribandnobbyTests" */;
			buildPhases = (
				7D79A6552CA312C70021B71A /* Sources */,
				7D79A6562CA312C70021B71A /* Frameworks */,
				7D79A6572CA312C70021B71A /* Resources */,
			);
			buildRules = (
			);
			dependencies = (
				7D79A65B2CA312C70021B71A /* PBXTargetDependency */,
			);
			fileSystemSynchronizedGroups = (
				7D79A65C2CA312C70021B71A /* ribandnobbyTests */,
			);
			name = ribandnobbyTests;
			packageProductDependencies = (
			);
			productName = ribandnobbyTests;
			productReference = 7D79A6592CA312C70021B71A /* ribandnobbyTests.xctest */;
			productType = "com.apple.product-type.bundle.unit-test";
		};
		7D79A6622CA312C70021B71A /* ribandnobbyUITests */ = {
			isa = PBXNativeTarget;
			buildConfigurationList = 7D79A6732CA312C70021B71A /* Build configuration list for PBXNativeTarget "ribandnobbyUITests" */;
			buildPhases = (
				7D79A65F2CA312C70021B71A /* Sources */,
				7D79A6602CA312C70021B71A /* Frameworks */,
				7D79A6612CA312C70021B71A /* Resources */,
			);
			buildRules = (
			);
			dependencies = (
				7D79A6652CA312C70021B71A /* PBXTargetDependency */,
			);
			fileSystemSynchronizedGroups = (
				7D79A6662CA312C70021B71A /* ribandnobbyUITests */,
			);
			name = ribandnobbyUITests;
			packageProductDependencies = (
			);
			productName = ribandnobbyUITests;
			productReference = 7D79A6632CA312C70021B71A /* ribandnobbyUITests.xctest */;
			productType = "com.apple.product-type.bundle.ui-testing";
		};
/* End PBXNativeTarget section */

/* Begin PBXProject section */
		7D79A6412CA312C50021B71A /* Project object */ = {
			isa = PBXProject;
			attributes = {
				BuildIndependentTargetsInParallel = 1;
				LastSwiftUpdateCheck = 1600;
				LastUpgradeCheck = 1600;
				TargetAttributes = {
					7D79A6482CA312C50021B71A = {
						CreatedOnToolsVersion = 16.0;
					};
					7D79A6582CA312C70021B71A = {
						CreatedOnToolsVersion = 16.0;
						TestTargetID = 7D79A6482CA312C50021B71A;
					};
					7D79A6622CA312C70021B71A = {
						CreatedOnToolsVersion = 16.0;
						TestTargetID = 7D79A6482CA312C50021B71A;
					};
				};
			};
			buildConfigurationList = 7D79A6442CA312C50021B71A /* Build configuration list for PBXProject "ribandnobby" */;
			developmentRegion = en;
			hasScannedForEncodings = 0;
			knownRegions = (
				en,
				Base,
			);
			mainGroup = 7D79A6402CA312C50021B71A;
			minimizedProjectReferenceProxies = 1;
			preferredProjectObjectVersion = 77;
			productRefGroup = 7D79A64A2CA312C50021B71A /* Products */;
			projectDirPath = "";
			projectRoot = "";
			targets = (
				7D79A6482CA312C50021B71A /* ribandnobby */,
				7D79A6582CA312C70021B71A /* ribandnobbyTests */,
				7D79A6622CA312C70021B71A /* ribandnobbyUITests */,
			);
		};
/* End PBXProject section */

/* Begin PBXResourcesBuildPhase section */
		7D79A6472CA312C50021B71A /* Resources */ = {
			isa = PBXResourcesBuildPhase;
			buildActionMask = 2147483647;
			files = (
			);
			runOnlyForDeploymentPostprocessing = 0;
		};
		7D79A6572CA312C70021B71A /* Resources */ = {
			isa = PBXResourcesBuildPhase;
			buildActionMask = 2147483647;
			files = (
			);
			runOnlyForDeploymentPostprocessing = 0;
		};
		7D79A6612CA312C70021B71A /* Resources */ = {
			isa = PBXResourcesBuildPhase;
			buildActionMask = 2147483647;
			files = (
			);
			runOnlyForDeploymentPostprocessing = 0;
		};
/* End PBXResourcesBuildPhase section */

/* Begin PBXSourcesBuildPhase section */
		7D79A6452CA312C50021B71A /* Sources */ = {
			isa = PBXSourcesBuildPhase;
			buildActionMask = 2147483647;
			files = (
			);
			runOnlyForDeploymentPostprocessing = 0;
		};
		7D79A6552CA312C70021B71A /* Sources */ = {
			isa = PBXSourcesBuildPhase;
			buildActionMask = 2147483647;
			files = (
			);
			runOnlyForDeploymentPostprocessing = 0;
		};
		7D79A65F2CA312C70021B71A /* Sources */ = {
			isa = PBXSourcesBuildPhase;
			buildActionMask = 2147483647;
			files = (
			);
			runOnlyForDeploymentPostprocessing = 0;
		};
/* End PBXSourcesBuildPhase section */

/* Begin PBXTargetDependency section */
		7D79A65B2CA312C70021B71A /* PBXTargetDependency */ = {
			isa = PBXTargetDependency;
			target = 7D79A6482CA312C50021B71A /* ribandnobby */;
			targetProxy = 7D79A65A2CA312C70021B71A /* PBXContainerItemProxy */;
		};
		7D79A6652CA312C70021B71A /* PBXTargetDependency */ = {
			isa = PBXTargetDependency;
			target = 7D79A6482CA312C50021B71A /* ribandnobby */;
			targetProxy = 7D79A6642CA312C70021B71A /* PBXContainerItemProxy */;
		};
/* End PBXTargetDependency section */

/* Begin XCBuildConfiguration section */
		7D79A66B2CA312C70021B71A /* Debug */ = {
			isa = XCBuildConfiguration;
			buildSettings = {
				ALWAYS_SEARCH_USER_PATHS = NO;
				ASSETCATALOG_COMPILER_GENERATE_SWIFT_ASSET_SYMBOL_EXTENSIONS = YES;
				CLANG_ANALYZER_NONNULL = YES;
				CLANG_ANALYZER_NUMBER_OBJECT_CONVERSION = YES_AGGRESSIVE;
				CLANG_CXX_LANGUAGE_STANDARD = "gnu++20";
				CLANG_ENABLE_MODULES = YES;
				CLANG_ENABLE_OBJC_ARC = YES;
				CLANG_ENABLE_OBJC_WEAK = YES;
				CLANG_WARN_BLOCK_CAPTURE_AUTORELEASING = YES;
				CLANG_WARN_BOOL_CONVERSION = YES;
				CLANG_WARN_COMMA = YES;
				CLANG_WARN_CONSTANT_CONVERSION = YES;
				CLANG_WARN_DEPRECATED_OBJC_IMPLEMENTATIONS = YES;
				CLANG_WARN_DIRECT_OBJC_ISA_USAGE = YES_ERROR;
				CLANG_WARN_DOCUMENTATION_COMMENTS = YES;
				CLANG_WARN_EMPTY_BODY = YES;
				CLANG_WARN_ENUM_CONVERSION = YES;
				CLANG_WARN_INFINITE_RECURSION = YES;
				CLANG_WARN_INT_CONVERSION = YES;
				CLANG_WARN_NON_LITERAL_NULL_CONVERSION = YES;
				CLANG_WARN_OBJC_IMPLICIT_RETAIN_SELF = YES;
				CLANG_WARN_OBJC_LITERAL_CONVERSION = YES;
				CLANG_WARN_OBJC_ROOT_CLASS = YES_ERROR;
				CLANG_WARN_QUOTED_INCLUDE_IN_FRAMEWORK_HEADER = YES;
				CLANG_WARN_RANGE_LOOP_ANALYSIS = YES;
				CLANG_WARN_STRICT_PROTOTYPES = YES;
				CLANG_WARN_SUSPICIOUS_MOVE = YES;
				CLANG_WARN_UNGUARDED_AVAILABILITY = YES_AGGRESSIVE;
				CLANG_WARN_UNREACHABLE_CODE = YES;
				CLANG_WARN__DUPLICATE_METHOD_MATCH = YES;
				COPY_PHASE_STRIP = NO;
				DEBUG_INFORMATION_FORMAT = dwarf;
				ENABLE_STRICT_OBJC_MSGSEND = YES;
				ENABLE_TESTABILITY = YES;
				ENABLE_USER_SCRIPT_SANDBOXING = YES;
				GCC_C_LANGUAGE_STANDARD = gnu17;
				GCC_DYNAMIC_NO_PIC = NO;
				GCC_NO_COMMON_BLOCKS = YES;
				GCC_OPTIMIZATION_LEVEL = 0;
				GCC_PREPROCESSOR_DEFINITIONS = (
					"DEBUG=1",
					"$(inherited)",
				);
				GCC_WARN_64_TO_32_BIT_CONVERSION = YES;
				GCC_WARN_ABOUT_RETURN_TYPE = YES_ERROR;
				GCC_WARN_UNDECLARED_SELECTOR = YES;
				GCC_WARN_UNINITIALIZED_AUTOS = YES_AGGRESSIVE;
				GCC_WARN_UNUSED_FUNCTION = YES;
				GCC_WARN_UNUSED_VARIABLE = YES;
				IPHONEOS_DEPLOYMENT_TARGET = 18.0;
				LOCALIZATION_PREFERS_STRING_CATALOGS = YES;
				MTL_ENABLE_DEBUG_INFO = INCLUDE_SOURCE;
				MTL_FAST_MATH = YES;
				ONLY_ACTIVE_ARCH = YES;
				SDKROOT = iphoneos;
				SWIFT_ACTIVE_COMPILATION_CONDITIONS = "DEBUG $(inherited)";
				SWIFT_OPTIMIZATION_LEVEL = "-Onone";
			};
			name = Debug;
		};
		7D79A66C2CA312C70021B71A /* Release */ = {
			isa = XCBuildConfiguration;
			buildSettings = {
				ALWAYS_SEARCH_USER_PATHS = NO;
				ASSETCATALOG_COMPILER_GENERATE_SWIFT_ASSET_SYMBOL_EXTENSIONS = YES;
				CLANG_ANALYZER_NONNULL = YES;
				CLANG_ANALYZER_NUMBER_OBJECT_CONVERSION = YES_AGGRESSIVE;
				CLANG_CXX_LANGUAGE_STANDARD = "gnu++20";
				CLANG_ENABLE_MODULES = YES;
				CLANG_ENABLE_OBJC_ARC = YES;
				CLANG_ENABLE_OBJC_WEAK = YES;
				CLANG_WARN_BLOCK_CAPTURE_AUTORELEASING = YES;
				CLANG_WARN_BOOL_CONVERSION = YES;
				CLANG_WARN_COMMA = YES;
				CLANG_WARN_CONSTANT_CONVERSION = YES;
				CLANG_WARN_DEPRECATED_OBJC_IMPLEMENTATIONS = YES;
				CLANG_WARN_DIRECT_OBJC_ISA_USAGE = YES_ERROR;
				CLANG_WARN_DOCUMENTATION_COMMENTS = YES;
				CLANG_WARN_EMPTY_BODY = YES;
				CLANG_WARN_ENUM_CONVERSION = YES;
				CLANG_WARN_INFINITE_RECURSION = YES;
				CLANG_WARN_INT_CONVERSION = YES;
				CLANG_WARN_NON_LITERAL_NULL_CONVERSION = YES;
				CLANG_WARN_OBJC_IMPLICIT_RETAIN_SELF = YES;
				CLANG_WARN_OBJC_LITERAL_CONVERSION = YES;
				CLANG_WARN_OBJC_ROOT_CLASS = YES_ERROR;
				CLANG_WARN_QUOTED_INCLUDE_IN_FRAMEWORK_HEADER = YES;
				CLANG_WARN_RANGE_LOOP_ANALYSIS = YES;
				CLANG_WARN_STRICT_PROTOTYPES = YES;
				CLANG_WARN_SUSPICIOUS_MOVE = YES;
				CLANG_WARN_UNGUARDED_AVAILABILITY = YES_AGGRESSIVE;
				CLANG_WARN_UNREACHABLE_CODE = YES;
				CLANG_WARN__DUPLICATE_METHOD_MATCH = YES;
				COPY_PHASE_STRIP = NO;
				DEBUG_INFORMATION_FORMAT = "dwarf-with-dsym";
				ENABLE_NS_ASSERTIONS = NO;
				ENABLE_STRICT_OBJC_MSGSEND = YES;
				ENABLE_USER_SCRIPT_SANDBOXING = YES;
				GCC_C_LANGUAGE_STANDARD = gnu17;
				GCC_NO_COMMON_BLOCKS = YES;
				GCC_WARN_64_TO_32_BIT_CONVERSION = YES;
				GCC_WARN_ABOUT_RETURN_TYPE = YES_ERROR;
				GCC_WARN_UNDECLARED_SELECTOR = YES;
				GCC_WARN_UNINITIALIZED_AUTOS = YES_AGGRESSIVE;
				GCC_WARN_UNUSED_FUNCTION = YES;
				GCC_WARN_UNUSED_VARIABLE = YES;
				IPHONEOS_DEPLOYMENT_TARGET = 18.0;
				LOCALIZATION_PREFERS_STRING_CATALOGS = YES;
				MTL_ENABLE_DEBUG_INFO = NO;
				MTL_FAST_MATH = YES;
				SDKROOT = iphoneos;
				SWIFT_COMPILATION_MODE = wholemodule;
				VALIDATE_PRODUCT = YES;
			};
			name = Release;
		};
		7D79A66E2CA312C70021B71A /* Debug */ = {
			isa = XCBuildConfiguration;
			buildSettings = {
				ASSETCATALOG_COMPILER_APPICON_NAME = AppIcon;
				ASSETCATALOG_COMPILER_GLOBAL_ACCENT_COLOR_NAME = AccentColor;
				CODE_SIGN_STYLE = Automatic;
				CURRENT_PROJECT_VERSION = 1;
				DEVELOPMENT_ASSET_PATHS = "\"ribandnobby/Preview Content\"";
				DEVELOPMENT_TEAM = DM3K9DMCXL;
				ENABLE_PREVIEWS = YES;
				GENERATE_INFOPLIST_FILE = YES;
				INFOPLIST_KEY_UIApplicationSceneManifest_Generation = YES;
				INFOPLIST_KEY_UIApplicationSupportsIndirectInputEvents = YES;
				INFOPLIST_KEY_UILaunchScreen_Generation = YES;
				INFOPLIST_KEY_UISupportedInterfaceOrientations_iPad = "UIInterfaceOrientationPortrait UIInterfaceOrientationPortraitUpsideDown UIInterfaceOrientationLandscapeLeft UIInterfaceOrientationLandscapeRight";
				INFOPLIST_KEY_UISupportedInterfaceOrientations_iPhone = "UIInterfaceOrientationPortrait UIInterfaceOrientationLandscapeLeft UIInterfaceOrientationLandscapeRight";
				LD_RUNPATH_SEARCH_PATHS = (
					"$(inherited)",
					"@executable_path/Frameworks",
				);
				MARKETING_VERSION = 1.0;
				PRODUCT_BUNDLE_IDENTIFIER = tulsatech.ribandnobby;
				PRODUCT_NAME = "$(TARGET_NAME)";
				SWIFT_EMIT_LOC_STRINGS = YES;
				SWIFT_VERSION = 5.0;
				TARGETED_DEVICE_FAMILY = "1,2";
			};
			name = Debug;
		};
		7D79A66F2CA312C70021B71A /* Release */ = {
			isa = XCBuildConfiguration;
			buildSettings = {
				ASSETCATALOG_COMPILER_APPICON_NAME = AppIcon;
				ASSETCATALOG_COMPILER_GLOBAL_ACCENT_COLOR_NAME = AccentColor;
				CODE_SIGN_STYLE = Automatic;
				CURRENT_PROJECT_VERSION = 1;
				DEVELOPMENT_ASSET_PATHS = "\"ribandnobby/Preview Content\"";
				DEVELOPMENT_TEAM = DM3K9DMCXL;
				ENABLE_PREVIEWS = YES;
				GENERATE_INFOPLIST_FILE = YES;
				INFOPLIST_KEY_UIApplicationSceneManifest_Generation = YES;
				INFOPLIST_KEY_UIApplicationSupportsIndirectInputEvents = YES;
				INFOPLIST_KEY_UILaunchScreen_Generation = YES;
				INFOPLIST_KEY_UISupportedInterfaceOrientations_iPad = "UIInterfaceOrientationPortrait UIInterfaceOrientationPortraitUpsideDown UIInterfaceOrientationLandscapeLeft UIInterfaceOrientationLandscapeRight";
				INFOPLIST_KEY_UISupportedInterfaceOrientations_iPhone = "UIInterfaceOrientationPortrait UIInterfaceOrientationLandscapeLeft UIInterfaceOrientationLandscapeRight";
				LD_RUNPATH_SEARCH_PATHS = (
					"$(inherited)",
					"@executable_path/Frameworks",
				);
				MARKETING_VERSION = 1.0;
				PRODUCT_BUNDLE_IDENTIFIER = tulsatech.ribandnobby;
				PRODUCT_NAME = "$(TARGET_NAME)";
				SWIFT_EMIT_LOC_STRINGS = YES;
				SWIFT_VERSION = 5.0;
				TARGETED_DEVICE_FAMILY = "1,2";
			};
			name = Release;
		};
		7D79A6712CA312C70021B71A /* Debug */ = {
			isa = XCBuildConfiguration;
			buildSettings = {
				BUNDLE_LOADER = "$(TEST_HOST)";
				CODE_SIGN_STYLE = Automatic;
				CURRENT_PROJECT_VERSION = 1;
				DEVELOPMENT_TEAM = DM3K9DMCXL;
				GENERATE_INFOPLIST_FILE = YES;
				IPHONEOS_DEPLOYMENT_TARGET = 18.0;
				MARKETING_VERSION = 1.0;
				PRODUCT_BUNDLE_IDENTIFIER = tulsatech.ribandnobbyTests;
				PRODUCT_NAME = "$(TARGET_NAME)";
				SWIFT_EMIT_LOC_STRINGS = NO;
				SWIFT_VERSION = 5.0;
				TARGETED_DEVICE_FAMILY = "1,2";
				TEST_HOST = "$(BUILT_PRODUCTS_DIR)/ribandnobby.app/$(BUNDLE_EXECUTABLE_FOLDER_PATH)/ribandnobby";
			};
			name = Debug;
		};
		7D79A6722CA312C70021B71A /* Release */ = {
			isa = XCBuildConfiguration;
			buildSettings = {
				BUNDLE_LOADER = "$(TEST_HOST)";
				CODE_SIGN_STYLE = Automatic;
				CURRENT_PROJECT_VERSION = 1;
				DEVELOPMENT_TEAM = DM3K9DMCXL;
				GENERATE_INFOPLIST_FILE = YES;
				IPHONEOS_DEPLOYMENT_TARGET = 18.0;
				MARKETING_VERSION = 1.0;
				PRODUCT_BUNDLE_IDENTIFIER = tulsatech.ribandnobbyTests;
				PRODUCT_NAME = "$(TARGET_NAME)";
				SWIFT_EMIT_LOC_STRINGS = NO;
				SWIFT_VERSION = 5.0;
				TARGETED_DEVICE_FAMILY = "1,2";
				TEST_HOST = "$(BUILT_PRODUCTS_DIR)/ribandnobby.app/$(BUNDLE_EXECUTABLE_FOLDER_PATH)/ribandnobby";
			};
			name = Release;
		};
		7D79A6742CA312C70021B71A /* Debug */ = {
			isa = XCBuildConfiguration;
			buildSettings = {
				CODE_SIGN_STYLE = Automatic;
				CURRENT_PROJECT_VERSION = 1;
				DEVELOPMENT_TEAM = DM3K9DMCXL;
				GENERATE_INFOPLIST_FILE = YES;
				MARKETING_VERSION = 1.0;
				PRODUCT_BUNDLE_IDENTIFIER = tulsatech.ribandnobbyUITests;
				PRODUCT_NAME = "$(TARGET_NAME)";
				SWIFT_EMIT_LOC_STRINGS = NO;
				SWIFT_VERSION = 5.0;
				TARGETED_DEVICE_FAMILY = "1,2";
				TEST_TARGET_NAME = ribandnobby;
			};
			name = Debug;
		};
		7D79A6752CA312C70021B71A /* Release */ = {
			isa = XCBuildConfiguration;
			buildSettings = {
				CODE_SIGN_STYLE = Automatic;
				CURRENT_PROJECT_VERSION = 1;
				DEVELOPMENT_TEAM = DM3K9DMCXL;
				GENERATE_INFOPLIST_FILE = YES;
				MARKETING_VERSION = 1.0;
				PRODUCT_BUNDLE_IDENTIFIER = tulsatech.ribandnobbyUITests;
				PRODUCT_NAME = "$(TARGET_NAME)";
				SWIFT_EMIT_LOC_STRINGS = NO;
				SWIFT_VERSION = 5.0;
				TARGETED_DEVICE_FAMILY = "1,2";
				TEST_TARGET_NAME = ribandnobby;
			};
			name = Release;
		};
/* End XCBuildConfiguration section */

/* Begin XCConfigurationList section */
		7D79A6442CA312C50021B71A /* Build configuration list for PBXProject "ribandnobby" */ = {
			isa = XCConfigurationList;
			buildConfigurations = (
				7D79A66B2CA312C70021B71A /* Debug */,
				7D79A66C2CA312C70021B71A /* Release */,
			);
			defaultConfigurationIsVisible = 0;
			defaultConfigurationName = Release;
		};
		7D79A66D2CA312C70021B71A /* Build configuration list for PBXNativeTarget "ribandnobby" */ = {
			isa = XCConfigurationList;
			buildConfigurations = (
				7D79A66E2CA312C70021B71A /* Debug */,
				7D79A66F2CA312C70021B71A /* Release */,
			);
			defaultConfigurationIsVisible = 0;
			defaultConfigurationName = Release;
		};
		7D79A6702CA312C70021B71A /* Build configuration list for PBXNativeTarget "ribandnobbyTests" */ = {
			isa = XCConfigurationList;
			buildConfigurations = (
				7D79A6712CA312C70021B71A /* Debug */,
				7D79A6722CA312C70021B71A /* Release */,
			);
			defaultConfigurationIsVisible = 0;
			defaultConfigurationName = Release;
		};
		7D79A6732CA312C70021B71A /* Build configuration list for PBXNativeTarget "ribandnobbyUITests" */ = {
			isa = XCConfigurationList;
			buildConfigurations = (
				7D79A6742CA312C70021B71A /* Debug */,
				7D79A6752CA312C70021B71A /* Release */,
			);
			defaultConfigurationIsVisible = 0;
			defaultConfigurationName = Release;
		};
/* End XCConfigurationList section */
	};
	rootObject = 7D79A6412CA312C50021B71A /* Project object */;
}
